
Microsoft Visual Studio Solution File, Format Version 12.00
# Visual Studio Version 17
VisualStudioVersion = 17.7.34221.43
MinimumVisualStudioVersion = 10.0.40219.1
Project("{2150E333-8FDC-42A3-9474-1A3956D46DE8}") = "src", "src", "{6329E2E7-C6B8-454E-908A-223DD21924E6}"
EndProject
Project("{2150E333-8FDC-42A3-9474-1A3956D46DE8}") = "Api", "Api", "{FF17CFE6-7330-4CED-8CF0-DF64D4A31D29}"
EndProject
Project("{2150E333-8FDC-42A3-9474-1A3956D46DE8}") = "Common", "Common", "{177E02AB-6CE9-40B0-AEAA-DAE87440EB08}"
EndProject
Project("{2150E333-8FDC-42A3-9474-1A3956D46DE8}") = "Core", "Core", "{8A3BFFF9-A7EB-42C9-8DE4-638B8313C2AF}"
EndProject
Project("{2150E333-8FDC-42A3-9474-1A3956D46DE8}") = "Infrastructure", "Infrastructure", "{F5FABC13-B0E0-47AB-8CAC-843F4CBA7A7D}"
EndProject
Project("{2150E333-8FDC-42A3-9474-1A3956D46DE8}") = "WebApi", "WebApi", "{8C7415BF-6229-4E74-B19E-8C7BF86782DE}"
EndProject
Project("{9A19103F-16F7-4668-BE54-9A1E7A4F7556}") = "PerTak.Api.Application", "src\Api\Core\PerTak.Api.Application\PerTak.Api.Application.csproj", "{EAE07789-73AB-4E0A-B846-D3EE4A3C6E69}"
EndProject
Project("{9A19103F-16F7-4668-BE54-9A1E7A4F7556}") = "PerTak.Api.Domain", "src\Api\Core\PerTak.Api.Domain\PerTak.Api.Domain.csproj", "{CEB762B9-62F1-4B61-9FF3-FD31F5845279}"
EndProject
Project("{9A19103F-16F7-4668-BE54-9A1E7A4F7556}") = "PerTak.Infrastructure.Persistence", "src\Api\Infrastructure\PerTak.Infrastructure.Persistence\PerTak.Infrastructure.Persistence.csproj", "{88E67C01-5C99-4241-B42C-C4733DB89E91}"
EndProject
Project("{FAE04EC0-301F-11D3-BF4B-00C04F79EFBC}") = "PerTak.Api.WebApi", "src\Api\WebApi\PerTak.Api.WebApi\PerTak.Api.WebApi.csproj", "{5B1A35B8-7D54-48BF-AD89-5944951CF0C6}"
EndProject
Project("{FAE04EC0-301F-11D3-BF4B-00C04F79EFBC}") = "PerTak.Common", "src\Common\PerTak.Common\PerTak.Common.csproj", "{A6AD21A3-4897-4624-AC82-BBA8A7964220}"
EndProject
Global
	GlobalSection(SolutionConfigurationPlatforms) = preSolution
		Debug|Any CPU = Debug|Any CPU
		Release|Any CPU = Release|Any CPU
	EndGlobalSection
	GlobalSection(ProjectConfigurationPlatforms) = postSolution
		{EAE07789-73AB-4E0A-B846-D3EE4A3C6E69}.Debug|Any CPU.ActiveCfg = Debug|Any CPU
		{EAE07789-73AB-4E0A-B846-D3EE4A3C6E69}.Debug|Any CPU.Build.0 = Debug|Any CPU
		{EAE07789-73AB-4E0A-B846-D3EE4A3C6E69}.Release|Any CPU.ActiveCfg = Release|Any CPU
		{EAE07789-73AB-4E0A-B846-D3EE4A3C6E69}.Release|Any CPU.Build.0 = Release|Any CPU
		{CEB762B9-62F1-4B61-9FF3-FD31F5845279}.Debug|Any CPU.ActiveCfg = Debug|Any CPU
		{CEB762B9-62F1-4B61-9FF3-FD31F5845279}.Debug|Any CPU.Build.0 = Debug|Any CPU
		{CEB762B9-62F1-4B61-9FF3-FD31F5845279}.Release|Any CPU.ActiveCfg = Release|Any CPU
		{CEB762B9-62F1-4B61-9FF3-FD31F5845279}.Release|Any CPU.Build.0 = Release|Any CPU
		{88E67C01-5C99-4241-B42C-C4733DB89E91}.Debug|Any CPU.ActiveCfg = Debug|Any CPU
		{88E67C01-5C99-4241-B42C-C4733DB89E91}.Debug|Any CPU.Build.0 = Debug|Any CPU
		{88E67C01-5C99-4241-B42C-C4733DB89E91}.Release|Any CPU.ActiveCfg = Release|Any CPU
		{88E67C01-5C99-4241-B42C-C4733DB89E91}.Release|Any CPU.Build.0 = Release|Any CPU
		{5B1A35B8-7D54-48BF-AD89-5944951CF0C6}.Debug|Any CPU.ActiveCfg = Debug|Any CPU
		{5B1A35B8-7D54-48BF-AD89-5944951CF0C6}.Debug|Any CPU.Build.0 = Debug|Any CPU
		{5B1A35B8-7D54-48BF-AD89-5944951CF0C6}.Release|Any CPU.ActiveCfg = Release|Any CPU
		{5B1A35B8-7D54-48BF-AD89-5944951CF0C6}.Release|Any CPU.Build.0 = Release|Any CPU
		{A6AD21A3-4897-4624-AC82-BBA8A7964220}.Debug|Any CPU.ActiveCfg = Debug|Any CPU
		{A6AD21A3-4897-4624-AC82-BBA8A7964220}.Debug|Any CPU.Build.0 = Debug|Any CPU
		{A6AD21A3-4897-4624-AC82-BBA8A7964220}.Release|Any CPU.ActiveCfg = Release|Any CPU
		{A6AD21A3-4897-4624-AC82-BBA8A7964220}.Release|Any CPU.Build.0 = Release|Any CPU
	EndGlobalSection
	GlobalSection(SolutionProperties) = preSolution
		HideSolutionNode = FALSE
	EndGlobalSection
	GlobalSection(NestedProjects) = preSolution
		{FF17CFE6-7330-4CED-8CF0-DF64D4A31D29} = {6329E2E7-C6B8-454E-908A-223DD21924E6}
		{177E02AB-6CE9-40B0-AEAA-DAE87440EB08} = {6329E2E7-C6B8-454E-908A-223DD21924E6}
		{8A3BFFF9-A7EB-42C9-8DE4-638B8313C2AF} = {FF17CFE6-7330-4CED-8CF0-DF64D4A31D29}
		{F5FABC13-B0E0-47AB-8CAC-843F4CBA7A7D} = {FF17CFE6-7330-4CED-8CF0-DF64D4A31D29}
		{8C7415BF-6229-4E74-B19E-8C7BF86782DE} = {FF17CFE6-7330-4CED-8CF0-DF64D4A31D29}
		{EAE07789-73AB-4E0A-B846-D3EE4A3C6E69} = {8A3BFFF9-A7EB-42C9-8DE4-638B8313C2AF}
		{CEB762B9-62F1-4B61-9FF3-FD31F5845279} = {8A3BFFF9-A7EB-42C9-8DE4-638B8313C2AF}
		{88E67C01-5C99-4241-B42C-C4733DB89E91} = {F5FABC13-B0E0-47AB-8CAC-843F4CBA7A7D}
		{5B1A35B8-7D54-48BF-AD89-5944951CF0C6} = {8C7415BF-6229-4E74-B19E-8C7BF86782DE}
		{A6AD21A3-4897-4624-AC82-BBA8A7964220} = {177E02AB-6CE9-40B0-AEAA-DAE87440EB08}
	EndGlobalSection
	GlobalSection(ExtensibilityGlobals) = postSolution
		SolutionGuid = {13943644-1334-4B75-859C-ED67C9DE26A3}
	EndGlobalSection
EndGlobal
